
Microsoft Visual Studio Solution File, Format Version 12.00
# Visual Studio Version 17
VisualStudioVersion = 17.13.35931.197 d17.13
MinimumVisualStudioVersion = 10.0.40219.1
Project("{FAE04EC0-301F-11D3-BF4B-00C04F79EFBC}") = "ProjectUnitCoversion", "ProjectUnitCoversion\ProjectUnitCoversion.csproj", "{4F101C22-D122-4948-BA87-98985D4721EB}"
EndProject
Global
	GlobalSection(SolutionConfigurationPlatforms) = preSolution
		Debug|Any CPU = Debug|Any CPU
		Release|Any CPU = Release|Any CPU
	EndGlobalSection
	GlobalSection(ProjectConfigurationPlatforms) = postSolution
		{4F101C22-D122-4948-BA87-98985D4721EB}.Debug|Any CPU.ActiveCfg = Debug|Any CPU
		{4F101C22-D122-4948-BA87-98985D4721EB}.Debug|Any CPU.Build.0 = Debug|Any CPU
		{4F101C22-D122-4948-BA87-98985D4721EB}.Release|Any CPU.ActiveCfg = Release|Any CPU
		{4F101C22-D122-4948-BA87-98985D4721EB}.Release|Any CPU.Build.0 = Release|Any CPU
	EndGlobalSection
	GlobalSection(SolutionProperties) = preSolution
		HideSolutionNode = FALSE
	EndGlobalSection
	GlobalSection(ExtensibilityGlobals) = postSolution
		SolutionGuid = {3600F23C-F67A-4D3A-8442-593427ACC720}
	EndGlobalSection
EndGlobal
